// !$*UTF8*$!
{
	archiveVersion = 1;
	classes = {
	};
	objectVersion = 70;
	objects = {

/* Begin PBXBuildFile section */
		0F8D1B7B2E7CBC6A0071E428 /* AwsOpenTelemetryAuth in Frameworks */ = {isa = PBXBuildFile; productRef = 0F8D1B7A2E7CBC6A0071E428 /* AwsOpenTelemetryAuth */; };
		3F39B4BF2EBDF4F60084C407 /* deviceFarmTestSpec.yaml in Resources */ = {isa = PBXBuildFile; fileRef = 3F39B4BE2EBDF4EA0084C407 /* deviceFarmTestSpec.yaml */; };
		3F48C1902E8B0ADB00C0D29B /* Assets.xcassets in Resources */ = {isa = PBXBuildFile; fileRef = 3F48C18F2E8B0ADB00C0D29B /* Assets.xcassets */; };
		3F48C1F72E8B40FB00C0D29B /* AwsOpenTelemetryCore in Frameworks */ = {isa = PBXBuildFile; productRef = 3F48C1F62E8B40FB00C0D29B /* AwsOpenTelemetryCore */; };
		A1000001 /* PetClinicApp.swift in Sources */ = {isa = PBXBuildFile; fileRef = A1000002 /* PetClinicApp.swift */; };
		A1000003 /* ContentView.swift in Sources */ = {isa = PBXBuildFile; fileRef = A1000004 /* ContentView.swift */; };
		A1000005 /* Models.swift in Sources */ = {isa = PBXBuildFile; fileRef = A1000006 /* Models.swift */; };
		A1000007 /* PetClinicAPI.swift in Sources */ = {isa = PBXBuildFile; fileRef = A1000008 /* PetClinicAPI.swift */; };
/* End PBXBuildFile section */

/* Begin PBXContainerItemProxy section */
		0F147AE92E7CCCE200FAE8B6 /* PBXContainerItemProxy */ = {
			isa = PBXContainerItemProxy;
			containerPortal = A1000018 /* Project object */;
			proxyType = 1;
			remoteGlobalIDString = A1000014;
			remoteInfo = PetClinic;
		};
/* End PBXContainerItemProxy section */

/* Begin PBXFileReference section */
		0F147AE32E7CCCE100FAE8B6 /* PetClinicUITests.xctest */ = {isa = PBXFileReference; explicitFileType = wrapper.cfbundle; includeInIndex = 0; path = PetClinicUITests.xctest; sourceTree = BUILT_PRODUCTS_DIR; };
		3F39B4BE2EBDF4EA0084C407 /* deviceFarmTestSpec.yaml */ = {isa = PBXFileReference; lastKnownFileType = text.yaml; path = deviceFarmTestSpec.yaml; sourceTree = "<group>"; };
		3F48C18F2E8B0ADB00C0D29B /* Assets.xcassets */ = {isa = PBXFileReference; lastKnownFileType = folder.assetcatalog; path = Assets.xcassets; sourceTree = "<group>"; };
		A1000000 /* PetClinic.app */ = {isa = PBXFileReference; explicitFileType = wrapper.application; includeInIndex = 0; path = PetClinic.app; sourceTree = BUILT_PRODUCTS_DIR; };
		A1000002 /* PetClinicApp.swift */ = {isa = PBXFileReference; lastKnownFileType = sourcecode.swift; path = PetClinicApp.swift; sourceTree = "<group>"; };
		A1000004 /* ContentView.swift */ = {isa = PBXFileReference; lastKnownFileType = sourcecode.swift; path = ContentView.swift; sourceTree = "<group>"; };
		A1000006 /* Models.swift */ = {isa = PBXFileReference; lastKnownFileType = sourcecode.swift; path = Models.swift; sourceTree = "<group>"; };
		A1000008 /* PetClinicAPI.swift */ = {isa = PBXFileReference; lastKnownFileType = sourcecode.swift; path = PetClinicAPI.swift; sourceTree = "<group>"; };
		A1000009 /* Info.plist */ = {isa = PBXFileReference; lastKnownFileType = text.plist.xml; path = Info.plist; sourceTree = "<group>"; };
/* End PBXFileReference section */

/* Begin PBXFileSystemSynchronizedRootGroup section */
		0F147AE42E7CCCE200FAE8B6 /* PetClinicUITests */ = {isa = PBXFileSystemSynchronizedRootGroup; explicitFileTypes = {}; explicitFolders = (); path = PetClinicUITests; sourceTree = "<group>"; };
/* End PBXFileSystemSynchronizedRootGroup section */

/* Begin PBXFrameworksBuildPhase section */
		0F147AE02E7CCCE100FAE8B6 /* Frameworks */ = {
			isa = PBXFrameworksBuildPhase;
			buildActionMask = 2147483647;
			files = (
			);
			runOnlyForDeploymentPostprocessing = 0;
		};
		A1000010 /* Frameworks */ = {
			isa = PBXFrameworksBuildPhase;
			buildActionMask = 2147483647;
			files = (
				0F8D1B7B2E7CBC6A0071E428 /* AwsOpenTelemetryAuth in Frameworks */,
				3F48C1F72E8B40FB00C0D29B /* AwsOpenTelemetryCore in Frameworks */,
			);
			runOnlyForDeploymentPostprocessing = 0;
		};
/* End PBXFrameworksBuildPhase section */

/* Begin PBXGroup section */
		3F48C1F12E8B40FB00C0D29B /* Frameworks */ = {
			isa = PBXGroup;
			children = (
			);
			name = Frameworks;
			sourceTree = "<group>";
		};
		A1000011 = {
			isa = PBXGroup;
			children = (
				3F39B4BE2EBDF4EA0084C407 /* deviceFarmTestSpec.yaml */,
				A1000012 /* PetClinic */,
				0F147AE42E7CCCE200FAE8B6 /* PetClinicUITests */,
				3F48C1F12E8B40FB00C0D29B /* Frameworks */,
				A1000013 /* Products */,
			);
			sourceTree = "<group>";
		};
		A1000012 /* PetClinic */ = {
			isa = PBXGroup;
			children = (
				3F48C18F2E8B0ADB00C0D29B /* Assets.xcassets */,
				A1000002 /* PetClinicApp.swift */,
				A1000004 /* ContentView.swift */,
				A1000006 /* Models.swift */,
				A1000008 /* PetClinicAPI.swift */,
				A1000009 /* Info.plist */,
			);
			path = PetClinic;
			sourceTree = "<group>";
		};
		A1000013 /* Products */ = {
			isa = PBXGroup;
			children = (
				A1000000 /* PetClinic.app */,
				0F147AE32E7CCCE100FAE8B6 /* PetClinicUITests.xctest */,
			);
			name = Products;
			sourceTree = "<group>";
		};
/* End PBXGroup section */

/* Begin PBXNativeTarget section */
		0F147AE22E7CCCE100FAE8B6 /* PetClinicUITests */ = {
			isa = PBXNativeTarget;
			buildConfigurationList = 0F147AEB2E7CCCE200FAE8B6 /* Build configuration list for PBXNativeTarget "PetClinicUITests" */;
			buildPhases = (
				0F147ADF2E7CCCE100FAE8B6 /* Sources */,
				0F147AE02E7CCCE100FAE8B6 /* Frameworks */,
				0F147AE12E7CCCE100FAE8B6 /* Resources */,
			);
			buildRules = (
			);
			dependencies = (
				0F147AEA2E7CCCE200FAE8B6 /* PBXTargetDependency */,
			);
			fileSystemSynchronizedGroups = (
				0F147AE42E7CCCE200FAE8B6 /* PetClinicUITests */,
			);
			name = PetClinicUITests;
			packageProductDependencies = (
			);
			productName = PetClinicUITests;
			productReference = 0F147AE32E7CCCE100FAE8B6 /* PetClinicUITests.xctest */;
			productType = "com.apple.product-type.bundle.ui-testing";
		};
		A1000014 /* PetClinic */ = {
			isa = PBXNativeTarget;
			buildConfigurationList = A1000015 /* Build configuration list for PBXNativeTarget "PetClinic" */;
			buildPhases = (
				A1000016 /* Sources */,
				A1000010 /* Frameworks */,
				A1000017 /* Resources */,
			);
			buildRules = (
			);
			dependencies = (
			);
			name = PetClinic;
			productName = PetClinic;
			productReference = A1000000 /* PetClinic.app */;
			productType = "com.apple.product-type.application";
		};
/* End PBXNativeTarget section */

/* Begin PBXProject section */
		A1000018 /* Project object */ = {
			isa = PBXProject;
			attributes = {
				BuildIndependentTargetsInParallel = 1;
				LastSwiftUpdateCheck = 1640;
				LastUpgradeCheck = 1540;
				TargetAttributes = {
					0F147AE22E7CCCE100FAE8B6 = {
						CreatedOnToolsVersion = 16.4;
						TestTargetID = A1000014;
					};
					A1000014 = {
						CreatedOnToolsVersion = 15.4;
					};
				};
			};
			buildConfigurationList = A1000019 /* Build configuration list for PBXProject "PetClinic" */;
			compatibilityVersion = "Xcode 14.0";
			developmentRegion = en;
			hasScannedForEncodings = 0;
			knownRegions = (
				en,
				Base,
			);
			mainGroup = A1000011;
			packageReferences = (
				3F829CE22E9F8F31001DFDE8 /* XCLocalSwiftPackageReference "../../../../aws-otel-swift" */,
			);
			productRefGroup = A1000013 /* Products */;
			projectDirPath = "";
			projectRoot = "";
			targets = (
				A1000014 /* PetClinic */,
				0F147AE22E7CCCE100FAE8B6 /* PetClinicUITests */,
			);
		};
/* End PBXProject section */

/* Begin PBXResourcesBuildPhase section */
		0F147AE12E7CCCE100FAE8B6 /* Resources */ = {
			isa = PBXResourcesBuildPhase;
			buildActionMask = 2147483647;
			files = (
				3F39B4BF2EBDF4F60084C407 /* deviceFarmTestSpec.yaml in Resources */,
			);
			runOnlyForDeploymentPostprocessing = 0;
		};
		A1000017 /* Resources */ = {
			isa = PBXResourcesBuildPhase;
			buildActionMask = 2147483647;
			files = (
				3F48C1902E8B0ADB00C0D29B /* Assets.xcassets in Resources */,
			);
			runOnlyForDeploymentPostprocessing = 0;
		};
/* End PBXResourcesBuildPhase section */

/* Begin PBXSourcesBuildPhase section */
		0F147ADF2E7CCCE100FAE8B6 /* Sources */ = {
			isa = PBXSourcesBuildPhase;
			buildActionMask = 2147483647;
			files = (
			);
			runOnlyForDeploymentPostprocessing = 0;
		};
		A1000016 /* Sources */ = {
			isa = PBXSourcesBuildPhase;
			buildActionMask = 2147483647;
			files = (
				A1000003 /* ContentView.swift in Sources */,
				A1000005 /* Models.swift in Sources */,
				A1000007 /* PetClinicAPI.swift in Sources */,
				A1000001 /* PetClinicApp.swift in Sources */,
			);
			runOnlyForDeploymentPostprocessing = 0;
		};
/* End PBXSourcesBuildPhase section */

/* Begin PBXTargetDependency section */
		0F147AEA2E7CCCE200FAE8B6 /* PBXTargetDependency */ = {
			isa = PBXTargetDependency;
			target = A1000014 /* PetClinic */;
			targetProxy = 0F147AE92E7CCCE200FAE8B6 /* PBXContainerItemProxy */;
		};
/* End PBXTargetDependency section */

/* Begin XCBuildConfiguration section */
		0F147AEC2E7CCCE200FAE8B6 /* Debug */ = {
			isa = XCBuildConfiguration;
			buildSettings = {
				ASSETCATALOG_COMPILER_GENERATE_SWIFT_ASSET_SYMBOL_EXTENSIONS = YES;
				CODE_SIGN_STYLE = Automatic;
				CURRENT_PROJECT_VERSION = 1;
				DEVELOPMENT_TEAM = N3HHCF97PX;
				ENABLE_USER_SCRIPT_SANDBOXING = YES;
				GENERATE_INFOPLIST_FILE = YES;
				IPHONEOS_DEPLOYMENT_TARGET = 16.6;
				LOCALIZATION_PREFERS_STRING_CATALOGS = YES;
				MARKETING_VERSION = 1.0;
				PRODUCT_BUNDLE_IDENTIFIER = com.rum.PetClinicUITests;
				PRODUCT_NAME = "$(TARGET_NAME)";
				SWIFT_EMIT_LOC_STRINGS = NO;
				SWIFT_VERSION = 5.0;
				TARGETED_DEVICE_FAMILY = "1,2";
				TEST_TARGET_NAME = PetClinic;
			};
			name = Debug;
		};
		0F147AED2E7CCCE200FAE8B6 /* Release */ = {
			isa = XCBuildConfiguration;
			buildSettings = {
				ASSETCATALOG_COMPILER_GENERATE_SWIFT_ASSET_SYMBOL_EXTENSIONS = YES;
				CODE_SIGN_STYLE = Automatic;
				CURRENT_PROJECT_VERSION = 1;
				DEVELOPMENT_TEAM = N3HHCF97PX;
				ENABLE_USER_SCRIPT_SANDBOXING = YES;
				GENERATE_INFOPLIST_FILE = YES;
				IPHONEOS_DEPLOYMENT_TARGET = 16.6;
				LOCALIZATION_PREFERS_STRING_CATALOGS = YES;
				MARKETING_VERSION = 1.0;
				PRODUCT_BUNDLE_IDENTIFIER = com.rum.PetClinicUITests;
				PRODUCT_NAME = "$(TARGET_NAME)";
				SWIFT_EMIT_LOC_STRINGS = NO;
				SWIFT_VERSION = 5.0;
				TARGETED_DEVICE_FAMILY = "1,2";
				TEST_TARGET_NAME = PetClinic;
			};
			name = Release;
		};
		A1000020 /* Debug */ = {
			isa = XCBuildConfiguration;
			buildSettings = {
				ALWAYS_SEARCH_USER_PATHS = NO;
				ASSETCATALOG_COMPILER_APPICON_NAME = AppIcon;
				CLANG_ANALYZER_NONNULL = YES;
				CLANG_ANALYZER_NUMBER_OBJECT_CONVERSION = YES_AGGRESSIVE;
				CLANG_CXX_LANGUAGE_STANDARD = "gnu++20";
				CLANG_ENABLE_MODULES = YES;
				CLANG_ENABLE_OBJC_ARC = YES;
				CLANG_ENABLE_OBJC_WEAK = YES;
				CLANG_WARN_BLOCK_CAPTURE_AUTORELEASING = YES;
				CLANG_WARN_BOOL_CONVERSION = YES;
				CLANG_WARN_COMMA = YES;
				CLANG_WARN_CONSTANT_CONVERSION = YES;
				CLANG_WARN_DEPRECATED_OBJC_IMPLEMENTATIONS = YES;
				CLANG_WARN_DIRECT_OBJC_ISA_USAGE = YES_ERROR;
				CLANG_WARN_DOCUMENTATION_COMMENTS = YES;
				CLANG_WARN_EMPTY_BODY = YES;
				CLANG_WARN_ENUM_CONVERSION = YES;
				CLANG_WARN_INFINITE_RECURSION = YES;
				CLANG_WARN_INT_CONVERSION = YES;
				CLANG_WARN_NON_LITERAL_NULL_CONVERSION = YES;
				CLANG_WARN_OBJC_IMPLICIT_RETAIN_SELF = YES;
				CLANG_WARN_OBJC_LITERAL_CONVERSION = YES;
				CLANG_WARN_OBJC_ROOT_CLASS = YES_ERROR;
				CLANG_WARN_QUOTED_INCLUDE_IN_FRAMEWORK_HEADER = YES;
				CLANG_WARN_RANGE_LOOP_ANALYSIS = YES;
				CLANG_WARN_STRICT_PROTOTYPES = YES;
				CLANG_WARN_SUSPICIOUS_MOVE = YES;
				CLANG_WARN_UNGUARDED_AVAILABILITY = YES_AGGRESSIVE;
				CLANG_WARN_UNREACHABLE_CODE = YES;
				CLANG_WARN__DUPLICATE_METHOD_MATCH = YES;
				COPY_PHASE_STRIP = NO;
				DEBUG_INFORMATION_FORMAT = dwarf;
				ENABLE_STRICT_OBJC_MSGSEND = YES;
				ENABLE_TESTABILITY = YES;
				GCC_C_LANGUAGE_STANDARD = gnu17;
				GCC_DYNAMIC_NO_PIC = NO;
				GCC_NO_COMMON_BLOCKS = YES;
				GCC_OPTIMIZATION_LEVEL = 0;
				GCC_PREPROCESSOR_DEFINITIONS = (
					"DEBUG=1",
					"$(inherited)",
				);
				GCC_WARN_64_TO_32_BIT_CONVERSION = YES;
				GCC_WARN_ABOUT_RETURN_TYPE = YES_ERROR;
				GCC_WARN_UNDECLARED_SELECTOR = YES;
				GCC_WARN_UNINITIALIZED_AUTOS = YES_AGGRESSIVE;
				GCC_WARN_UNUSED_FUNCTION = YES;
				GCC_WARN_UNUSED_VARIABLE = YES;
				IPHONEOS_DEPLOYMENT_TARGET = 17.5;
				MTL_ENABLE_DEBUG_INFO = INCLUDE_SOURCE;
				MTL_FAST_MATH = YES;
				ONLY_ACTIVE_ARCH = YES;
				SDKROOT = iphoneos;
				SWIFT_ACTIVE_COMPILATION_CONDITIONS = "DEBUG $(inherited)";
				SWIFT_OPTIMIZATION_LEVEL = "-Onone";
			};
			name = Debug;
		};
		A1000021 /* Release */ = {
			isa = XCBuildConfiguration;
			buildSettings = {
				ALWAYS_SEARCH_USER_PATHS = NO;
				ASSETCATALOG_COMPILER_APPICON_NAME = AppIcon;
				CLANG_ANALYZER_NONNULL = YES;
				CLANG_ANALYZER_NUMBER_OBJECT_CONVERSION = YES_AGGRESSIVE;
				CLANG_CXX_LANGUAGE_STANDARD = "gnu++20";
				CLANG_ENABLE_MODULES = YES;
				CLANG_ENABLE_OBJC_ARC = YES;
				CLANG_ENABLE_OBJC_WEAK = YES;
				CLANG_WARN_BLOCK_CAPTURE_AUTORELEASING = YES;
				CLANG_WARN_BOOL_CONVERSION = YES;
				CLANG_WARN_COMMA = YES;
				CLANG_WARN_CONSTANT_CONVERSION = YES;
				CLANG_WARN_DEPRECATED_OBJC_IMPLEMENTATIONS = YES;
				CLANG_WARN_DIRECT_OBJC_ISA_USAGE = YES_ERROR;
				CLANG_WARN_DOCUMENTATION_COMMENTS = YES;
				CLANG_WARN_EMPTY_BODY = YES;
				CLANG_WARN_ENUM_CONVERSION = YES;
				CLANG_WARN_INFINITE_RECURSION = YES;
				CLANG_WARN_INT_CONVERSION = YES;
				CLANG_WARN_NON_LITERAL_NULL_CONVERSION = YES;
				CLANG_WARN_OBJC_IMPLICIT_RETAIN_SELF = YES;
				CLANG_WARN_OBJC_LITERAL_CONVERSION = YES;
				CLANG_WARN_OBJC_ROOT_CLASS = YES_ERROR;
				CLANG_WARN_QUOTED_INCLUDE_IN_FRAMEWORK_HEADER = YES;
				CLANG_WARN_RANGE_LOOP_ANALYSIS = YES;
				CLANG_WARN_STRICT_PROTOTYPES = YES;
				CLANG_WARN_SUSPICIOUS_MOVE = YES;
				CLANG_WARN_UNGUARDED_AVAILABILITY = YES_AGGRESSIVE;
				CLANG_WARN_UNREACHABLE_CODE = YES;
				CLANG_WARN__DUPLICATE_METHOD_MATCH = YES;
				COPY_PHASE_STRIP = NO;
				DEBUG_INFORMATION_FORMAT = "dwarf-with-dsym";
				ENABLE_NS_ASSERTIONS = NO;
				ENABLE_STRICT_OBJC_MSGSEND = YES;
				GCC_C_LANGUAGE_STANDARD = gnu17;
				GCC_NO_COMMON_BLOCKS = YES;
				GCC_WARN_64_TO_32_BIT_CONVERSION = YES;
				GCC_WARN_ABOUT_RETURN_TYPE = YES_ERROR;
				GCC_WARN_UNDECLARED_SELECTOR = YES;
				GCC_WARN_UNINITIALIZED_AUTOS = YES_AGGRESSIVE;
				GCC_WARN_UNUSED_FUNCTION = YES;
				GCC_WARN_UNUSED_VARIABLE = YES;
				IPHONEOS_DEPLOYMENT_TARGET = 17.5;
				MTL_ENABLE_DEBUG_INFO = NO;
				MTL_FAST_MATH = YES;
				SDKROOT = iphoneos;
				SWIFT_COMPILATION_MODE = wholemodule;
				VALIDATE_PRODUCT = YES;
			};
			name = Release;
		};
		A1000022 /* Debug */ = {
			isa = XCBuildConfiguration;
			buildSettings = {
				CODE_SIGN_IDENTITY = "Apple Distribution: Mohan Das Katragadda (N3HHCF97PX)";
				CODE_SIGN_STYLE = Manual;
				CURRENT_PROJECT_VERSION = 1;
				DEVELOPMENT_TEAM = N3HHCF97PX;
				ENABLE_PREVIEWS = YES;
				GENERATE_INFOPLIST_FILE = YES;
				INFOPLIST_FILE = PetClinic/Info.plist;
				INFOPLIST_KEY_UIApplicationSceneManifest_Generation = YES;
				INFOPLIST_KEY_UIApplicationSupportsIndirectInputEvents = YES;
				INFOPLIST_KEY_UILaunchScreen_Generation = YES;
				INFOPLIST_KEY_UISupportedInterfaceOrientations_iPad = "UIInterfaceOrientationPortrait UIInterfaceOrientationPortraitUpsideDown UIInterfaceOrientationLandscapeLeft UIInterfaceOrientationLandscapeRight";
				INFOPLIST_KEY_UISupportedInterfaceOrientations_iPhone = "UIInterfaceOrientationPortrait UIInterfaceOrientationLandscapeLeft UIInterfaceOrientationLandscapeRight";
				LD_RUNPATH_SEARCH_PATHS = (
					"$(inherited)",
					"@executable_path/Frameworks",
				);
				MARKETING_VERSION = 1.0;
				PRODUCT_BUNDLE_IDENTIFIER = com.rum.PetClinic;
				PRODUCT_NAME = "$(TARGET_NAME)";
				PROVISIONING_PROFILE_SPECIFIER = "aws-github-bot-profile-DO-NOT-DELETE";
				SWIFT_EMIT_LOC_STRINGS = YES;
				SWIFT_VERSION = 5.0;
				TARGETED_DEVICE_FAMILY = "1,2";
			};
			name = Debug;
		};
		A1000023 /* Release */ = {
			isa = XCBuildConfiguration;
			buildSettings = {
				CODE_SIGN_IDENTITY = "Apple Distribution: Mohan Das Katragadda (N3HHCF97PX)";
				CODE_SIGN_STYLE = Manual;
				CURRENT_PROJECT_VERSION = 1;
				DEVELOPMENT_TEAM = N3HHCF97PX;
				ENABLE_PREVIEWS = YES;
				GENERATE_INFOPLIST_FILE = YES;
				INFOPLIST_FILE = PetClinic/Info.plist;
				INFOPLIST_KEY_UIApplicationSceneManifest_Generation = YES;
				INFOPLIST_KEY_UIApplicationSupportsIndirectInputEvents = YES;
				INFOPLIST_KEY_UILaunchScreen_Generation = YES;
				INFOPLIST_KEY_UISupportedInterfaceOrientations_iPad = "UIInterfaceOrientationPortrait UIInterfaceOrientationPortraitUpsideDown UIInterfaceOrientationLandscapeLeft UIInterfaceOrientationLandscapeRight";
				INFOPLIST_KEY_UISupportedInterfaceOrientations_iPhone = "UIInterfaceOrientationPortrait UIInterfaceOrientationLandscapeLeft UIInterfaceOrientationLandscapeRight";
				LD_RUNPATH_SEARCH_PATHS = (
					"$(inherited)",
					"@executable_path/Frameworks",
				);
				MARKETING_VERSION = 1.0;
				PRODUCT_BUNDLE_IDENTIFIER = com.rum.PetClinic;
				PRODUCT_NAME = "$(TARGET_NAME)";
				PROVISIONING_PROFILE_SPECIFIER = "aws-github-bot-profile-DO-NOT-DELETE";
				SWIFT_EMIT_LOC_STRINGS = YES;
				SWIFT_VERSION = 5.0;
				TARGETED_DEVICE_FAMILY = "1,2";
			};
			name = Release;
		};
/* End XCBuildConfiguration section */

/* Begin XCConfigurationList section */
		0F147AEB2E7CCCE200FAE8B6 /* Build configuration list for PBXNativeTarget "PetClinicUITests" */ = {
			isa = XCConfigurationList;
			buildConfigurations = (
				0F147AEC2E7CCCE200FAE8B6 /* Debug */,
				0F147AED2E7CCCE200FAE8B6 /* Release */,
			);
			defaultConfigurationIsVisible = 0;
			defaultConfigurationName = Release;
		};
		A1000015 /* Build configuration list for PBXNativeTarget "PetClinic" */ = {
			isa = XCConfigurationList;
			buildConfigurations = (
				A1000022 /* Debug */,
				A1000023 /* Release */,
			);
			defaultConfigurationIsVisible = 0;
			defaultConfigurationName = Release;
		};
		A1000019 /* Build configuration list for PBXProject "PetClinic" */ = {
			isa = XCConfigurationList;
			buildConfigurations = (
				A1000020 /* Debug */,
				A1000021 /* Release */,
			);
			defaultConfigurationIsVisible = 0;
			defaultConfigurationName = Release;
		};
/* End XCConfigurationList section */

/* Begin XCLocalSwiftPackageReference section */
		0F8D1B772E7CBC6A0071E428 /* XCLocalSwiftPackageReference "../aws-otel-swift" */ = {
			isa = XCLocalSwiftPackageReference;
			relativePath = "../aws-otel-swift";
		};
		3F829CE22E9F8F31001DFDE8 /* XCLocalSwiftPackageReference "../../" */ = {
			isa = XCLocalSwiftPackageReference;
			relativePath = "../../";
		};
/* End XCLocalSwiftPackageReference section */

/* Begin XCSwiftPackageProductDependency section */
		0F8D1B7A2E7CBC6A0071E428 /* AwsOpenTelemetryAuth */ = {
			isa = XCSwiftPackageProductDependency;
			productName = AwsOpenTelemetryAuth;
		};
		3F48C1F62E8B40FB00C0D29B /* AwsOpenTelemetryCore */ = {
			isa = XCSwiftPackageProductDependency;
			package = 0F8D1B772E7CBC6A0071E428 /* XCLocalSwiftPackageReference "../aws-otel-swift" */;
			productName = AwsOpenTelemetryCore;
		};
/* End XCSwiftPackageProductDependency section */
	};
	rootObject = A1000018 /* Project object */;
}
